
Microsoft Visual Studio Solution File, Format Version 12.00
# Visual Studio 15
VisualStudioVersion = 15.0.28010.0
MinimumVisualStudioVersion = 10.0.40219.1
Project("{FAE04EC0-301F-11D3-BF4B-00C04F79EFBC}") = "TestReadExcel", "TestReadExcel\TestReadExcel.csproj", "{67C9F629-7B4E-4722-80C8-63F0AB78D8D3}"
EndProject
Global
	GlobalSection(SolutionConfigurationPlatforms) = preSolution
		Debug|Any CPU = Debug|Any CPU
		Release|Any CPU = Release|Any CPU
	EndGlobalSection
	GlobalSection(ProjectConfigurationPlatforms) = postSolution
		{67C9F629-7B4E-4722-80C8-63F0AB78D8D3}.Debug|Any CPU.ActiveCfg = Debug|Any CPU
		{67C9F629-7B4E-4722-80C8-63F0AB78D8D3}.Debug|Any CPU.Build.0 = Debug|Any CPU
		{67C9F629-7B4E-4722-80C8-63F0AB78D8D3}.Release|Any CPU.ActiveCfg = Release|Any CPU
		{67C9F629-7B4E-4722-80C8-63F0AB78D8D3}.Release|Any CPU.Build.0 = Release|Any CPU
	EndGlobalSection
	GlobalSection(SolutionProperties) = preSolution
		HideSolutionNode = FALSE
	EndGlobalSection
	GlobalSection(ExtensibilityGlobals) = postSolution
		SolutionGuid = {8CF1E604-E54E-4F78-B1E4-D119AB361429}
	EndGlobalSection
EndGlobal
